// !$*UTF8*$!
{
	archiveVersion = 1;
	classes = {
	};
	objectVersion = 55;
	objects = {

/* Begin PBXBuildFile section */
		C2300D922880ACF100D5CA6B /* StopwatchViewController.swift in Sources */ = {isa = PBXBuildFile; fileRef = C2300D912880ACF100D5CA6B /* StopwatchViewController.swift */; };
		C2EAD805288065CB008FEFB2 /* AppDelegate.swift in Sources */ = {isa = PBXBuildFile; fileRef = C2EAD804288065CB008FEFB2 /* AppDelegate.swift */; };
		C2EAD807288065CB008FEFB2 /* SceneDelegate.swift in Sources */ = {isa = PBXBuildFile; fileRef = C2EAD806288065CB008FEFB2 /* SceneDelegate.swift */; };
		C2EAD809288065CB008FEFB2 /* TimerViewController.swift in Sources */ = {isa = PBXBuildFile; fileRef = C2EAD808288065CB008FEFB2 /* TimerViewController.swift */; };
		C2EAD80C288065CB008FEFB2 /* Main.storyboard in Resources */ = {isa = PBXBuildFile; fileRef = C2EAD80A288065CB008FEFB2 /* Main.storyboard */; };
		C2EAD80E288065CE008FEFB2 /* Assets.xcassets in Resources */ = {isa = PBXBuildFile; fileRef = C2EAD80D288065CE008FEFB2 /* Assets.xcassets */; };
		C2EAD811288065CE008FEFB2 /* LaunchScreen.storyboard in Resources */ = {isa = PBXBuildFile; fileRef = C2EAD80F288065CE008FEFB2 /* LaunchScreen.storyboard */; };
/* End PBXBuildFile section */

/* Begin PBXFileReference section */
		C2300D912880ACF100D5CA6B /* StopwatchViewController.swift */ = {isa = PBXFileReference; lastKnownFileType = sourcecode.swift; path = StopwatchViewController.swift; sourceTree = "<group>"; };
		C2EAD801288065CB008FEFB2 /* Timer_Stopwatch.app */ = {isa = PBXFileReference; explicitFileType = wrapper.application; includeInIndex = 0; path = Timer_Stopwatch.app; sourceTree = BUILT_PRODUCTS_DIR; };
		C2EAD804288065CB008FEFB2 /* AppDelegate.swift */ = {isa = PBXFileReference; lastKnownFileType = sourcecode.swift; path = AppDelegate.swift; sourceTree = "<group>"; };
		C2EAD806288065CB008FEFB2 /* SceneDelegate.swift */ = {isa = PBXFileReference; lastKnownFileType = sourcecode.swift; path = SceneDelegate.swift; sourceTree = "<group>"; };
		C2EAD808288065CB008FEFB2 /* TimerViewController.swift */ = {isa = PBXFileReference; lastKnownFileType = sourcecode.swift; path = TimerViewController.swift; sourceTree = "<group>"; };
		C2EAD80B288065CB008FEFB2 /* Base */ = {isa = PBXFileReference; lastKnownFileType = file.storyboard; name = Base; path = Base.lproj/Main.storyboard; sourceTree = "<group>"; };
		C2EAD80D288065CE008FEFB2 /* Assets.xcassets */ = {isa = PBXFileReference; lastKnownFileType = folder.assetcatalog; path = Assets.xcassets; sourceTree = "<group>"; };
		C2EAD810288065CE008FEFB2 /* Base */ = {isa = PBXFileReference; lastKnownFileType = file.storyboard; name = Base; path = Base.lproj/LaunchScreen.storyboard; sourceTree = "<group>"; };
		C2EAD812288065CE008FEFB2 /* Info.plist */ = {isa = PBXFileReference; lastKnownFileType = text.plist.xml; path = Info.plist; sourceTree = "<group>"; };
/* End PBXFileReference section */

/* Begin PBXFrameworksBuildPhase section */
		C2EAD7FE288065CA008FEFB2 /* Frameworks */ = {
			isa = PBXFrameworksBuildPhase;
			buildActionMask = 2147483647;
			files = (
			);
			runOnlyForDeploymentPostprocessing = 0;
		};
/* End PBXFrameworksBuildPhase section */

/* Begin PBXGroup section */
		C2300D932880AEA900D5CA6B /* Application */ = {
			isa = PBXGroup;
			children = (
				C2EAD804288065CB008FEFB2 /* AppDelegate.swift */,
				C2EAD806288065CB008FEFB2 /* SceneDelegate.swift */,
			);
			path = Application;
			sourceTree = "<group>";
		};
		C2300D942880AED300D5CA6B /* Resource */ = {
			isa = PBXGroup;
			children = (
				C2EAD80A288065CB008FEFB2 /* Main.storyboard */,
				C2EAD80F288065CE008FEFB2 /* LaunchScreen.storyboard */,
				C2EAD80D288065CE008FEFB2 /* Assets.xcassets */,
				C2EAD812288065CE008FEFB2 /* Info.plist */,
			);
			path = Resource;
			sourceTree = "<group>";
		};
		C2300D952880AFB600D5CA6B /* Scene */ = {
			isa = PBXGroup;
			children = (
				C2300D972880AFE800D5CA6B /* StopwatchScene */,
				C2300D962880AFD000D5CA6B /* TimerScene */,
			);
			path = Scene;
			sourceTree = "<group>";
		};
		C2300D962880AFD000D5CA6B /* TimerScene */ = {
			isa = PBXGroup;
			children = (
				C2300D992880B03B00D5CA6B /* TimerView */,
				C2EAD808288065CB008FEFB2 /* TimerViewController.swift */,
			);
			path = TimerScene;
			sourceTree = "<group>";
		};
		C2300D972880AFE800D5CA6B /* StopwatchScene */ = {
			isa = PBXGroup;
			children = (
				C2300D982880B01C00D5CA6B /* StopwatchView */,
				C2300D912880ACF100D5CA6B /* StopwatchViewController.swift */,
			);
			path = StopwatchScene;
			sourceTree = "<group>";
		};
		C2300D982880B01C00D5CA6B /* StopwatchView */ = {
			isa = PBXGroup;
			children = (
			);
			path = StopwatchView;
			sourceTree = "<group>";
		};
		C2300D992880B03B00D5CA6B /* TimerView */ = {
			isa = PBXGroup;
			children = (
			);
			path = TimerView;
			sourceTree = "<group>";
		};
		C2EAD7F8288065CA008FEFB2 = {
			isa = PBXGroup;
			children = (
				C2EAD803288065CB008FEFB2 /* Timer_Stopwatch */,
				C2EAD802288065CB008FEFB2 /* Products */,
			);
			sourceTree = "<group>";
		};
		C2EAD802288065CB008FEFB2 /* Products */ = {
			isa = PBXGroup;
			children = (
				C2EAD801288065CB008FEFB2 /* Timer_Stopwatch.app */,
			);
			name = Products;
			sourceTree = "<group>";
		};
		C2EAD803288065CB008FEFB2 /* Timer_Stopwatch */ = {
			isa = PBXGroup;
			children = (
				C2300D932880AEA900D5CA6B /* Application */,
				C2300D942880AED300D5CA6B /* Resource */,
				C2300D952880AFB600D5CA6B /* Scene */,
			);
			path = Timer_Stopwatch;
			sourceTree = "<group>";
		};
/* End PBXGroup section */

/* Begin PBXNativeTarget section */
		C2EAD800288065CA008FEFB2 /* Timer_Stopwatch */ = {
			isa = PBXNativeTarget;
			buildConfigurationList = C2EAD815288065CE008FEFB2 /* Build configuration list for PBXNativeTarget "Timer_Stopwatch" */;
			buildPhases = (
				C2EAD7FD288065CA008FEFB2 /* Sources */,
				C2EAD7FE288065CA008FEFB2 /* Frameworks */,
				C2EAD7FF288065CA008FEFB2 /* Resources */,
			);
			buildRules = (
			);
			dependencies = (
			);
			name = Timer_Stopwatch;
			productName = Timer_Stopwatch;
			productReference = C2EAD801288065CB008FEFB2 /* Timer_Stopwatch.app */;
			productType = "com.apple.product-type.application";
		};
/* End PBXNativeTarget section */

/* Begin PBXProject section */
		C2EAD7F9288065CA008FEFB2 /* Project object */ = {
			isa = PBXProject;
			attributes = {
				BuildIndependentTargetsInParallel = 1;
				LastSwiftUpdateCheck = 1340;
				LastUpgradeCheck = 1340;
				TargetAttributes = {
					C2EAD800288065CA008FEFB2 = {
						CreatedOnToolsVersion = 13.4.1;
					};
				};
			};
			buildConfigurationList = C2EAD7FC288065CA008FEFB2 /* Build configuration list for PBXProject "Timer_Stopwatch" */;
			compatibilityVersion = "Xcode 13.0";
			developmentRegion = en;
			hasScannedForEncodings = 0;
			knownRegions = (
				en,
				Base,
			);
			mainGroup = C2EAD7F8288065CA008FEFB2;
			productRefGroup = C2EAD802288065CB008FEFB2 /* Products */;
			projectDirPath = "";
			projectRoot = "";
			targets = (
				C2EAD800288065CA008FEFB2 /* Timer_Stopwatch */,
			);
		};
/* End PBXProject section */

/* Begin PBXResourcesBuildPhase section */
		C2EAD7FF288065CA008FEFB2 /* Resources */ = {
			isa = PBXResourcesBuildPhase;
			buildActionMask = 2147483647;
			files = (
				C2EAD811288065CE008FEFB2 /* LaunchScreen.storyboard in Resources */,
				C2EAD80E288065CE008FEFB2 /* Assets.xcassets in Resources */,
				C2EAD80C288065CB008FEFB2 /* Main.storyboard in Resources */,
			);
			runOnlyForDeploymentPostprocessing = 0;
		};
/* End PBXResourcesBuildPhase section */

/* Begin PBXSourcesBuildPhase section */
		C2EAD7FD288065CA008FEFB2 /* Sources */ = {
			isa = PBXSourcesBuildPhase;
			buildActionMask = 2147483647;
			files = (
				C2300D922880ACF100D5CA6B /* StopwatchViewController.swift in Sources */,
				C2EAD809288065CB008FEFB2 /* TimerViewController.swift in Sources */,
				C2EAD805288065CB008FEFB2 /* AppDelegate.swift in Sources */,
				C2EAD807288065CB008FEFB2 /* SceneDelegate.swift in Sources */,
			);
			runOnlyForDeploymentPostprocessing = 0;
		};
/* End PBXSourcesBuildPhase section */

/* Begin PBXVariantGroup section */
		C2EAD80A288065CB008FEFB2 /* Main.storyboard */ = {
			isa = PBXVariantGroup;
			children = (
				C2EAD80B288065CB008FEFB2 /* Base */,
			);
			name = Main.storyboard;
			sourceTree = "<group>";
		};
		C2EAD80F288065CE008FEFB2 /* LaunchScreen.storyboard */ = {
			isa = PBXVariantGroup;
			children = (
				C2EAD810288065CE008FEFB2 /* Base */,
			);
			name = LaunchScreen.storyboard;
			sourceTree = "<group>";
		};
/* End PBXVariantGroup section */

/* Begin XCBuildConfiguration section */
		C2EAD813288065CE008FEFB2 /* Debug */ = {
			isa = XCBuildConfiguration;
			buildSettings = {
				ALWAYS_SEARCH_USER_PATHS = NO;
				CLANG_ANALYZER_NONNULL = YES;
				CLANG_ANALYZER_NUMBER_OBJECT_CONVERSION = YES_AGGRESSIVE;
				CLANG_CXX_LANGUAGE_STANDARD = "gnu++17";
				CLANG_ENABLE_MODULES = YES;
				CLANG_ENABLE_OBJC_ARC = YES;
				CLANG_ENABLE_OBJC_WEAK = YES;
				CLANG_WARN_BLOCK_CAPTURE_AUTORELEASING = YES;
				CLANG_WARN_BOOL_CONVERSION = YES;
				CLANG_WARN_COMMA = YES;
				CLANG_WARN_CONSTANT_CONVERSION = YES;
				CLANG_WARN_DEPRECATED_OBJC_IMPLEMENTATIONS = YES;
				CLANG_WARN_DIRECT_OBJC_ISA_USAGE = YES_ERROR;
				CLANG_WARN_DOCUMENTATION_COMMENTS = YES;
				CLANG_WARN_EMPTY_BODY = YES;
				CLANG_WARN_ENUM_CONVERSION = YES;
				CLANG_WARN_INFINITE_RECURSION = YES;
				CLANG_WARN_INT_CONVERSION = YES;
				CLANG_WARN_NON_LITERAL_NULL_CONVERSION = YES;
				CLANG_WARN_OBJC_IMPLICIT_RETAIN_SELF = YES;
				CLANG_WARN_OBJC_LITERAL_CONVERSION = YES;
				CLANG_WARN_OBJC_ROOT_CLASS = YES_ERROR;
				CLANG_WARN_QUOTED_INCLUDE_IN_FRAMEWORK_HEADER = YES;
				CLANG_WARN_RANGE_LOOP_ANALYSIS = YES;
				CLANG_WARN_STRICT_PROTOTYPES = YES;
				CLANG_WARN_SUSPICIOUS_MOVE = YES;
				CLANG_WARN_UNGUARDED_AVAILABILITY = YES_AGGRESSIVE;
				CLANG_WARN_UNREACHABLE_CODE = YES;
				CLANG_WARN__DUPLICATE_METHOD_MATCH = YES;
				COPY_PHASE_STRIP = NO;
				DEBUG_INFORMATION_FORMAT = dwarf;
				ENABLE_STRICT_OBJC_MSGSEND = YES;
				ENABLE_TESTABILITY = YES;
				GCC_C_LANGUAGE_STANDARD = gnu11;
				GCC_DYNAMIC_NO_PIC = NO;
				GCC_NO_COMMON_BLOCKS = YES;
				GCC_OPTIMIZATION_LEVEL = 0;
				GCC_PREPROCESSOR_DEFINITIONS = (
					"DEBUG=1",
					"$(inherited)",
				);
				GCC_WARN_64_TO_32_BIT_CONVERSION = YES;
				GCC_WARN_ABOUT_RETURN_TYPE = YES_ERROR;
				GCC_WARN_UNDECLARED_SELECTOR = YES;
				GCC_WARN_UNINITIALIZED_AUTOS = YES_AGGRESSIVE;
				GCC_WARN_UNUSED_FUNCTION = YES;
				GCC_WARN_UNUSED_VARIABLE = YES;
				IPHONEOS_DEPLOYMENT_TARGET = 15.5;
				MTL_ENABLE_DEBUG_INFO = INCLUDE_SOURCE;
				MTL_FAST_MATH = YES;
				ONLY_ACTIVE_ARCH = YES;
				SDKROOT = iphoneos;
				SWIFT_ACTIVE_COMPILATION_CONDITIONS = DEBUG;
				SWIFT_OPTIMIZATION_LEVEL = "-Onone";
			};
			name = Debug;
		};
		C2EAD814288065CE008FEFB2 /* Release */ = {
			isa = XCBuildConfiguration;
			buildSettings = {
				ALWAYS_SEARCH_USER_PATHS = NO;
				CLANG_ANALYZER_NONNULL = YES;
				CLANG_ANALYZER_NUMBER_OBJECT_CONVERSION = YES_AGGRESSIVE;
				CLANG_CXX_LANGUAGE_STANDARD = "gnu++17";
				CLANG_ENABLE_MODULES = YES;
				CLANG_ENABLE_OBJC_ARC = YES;
				CLANG_ENABLE_OBJC_WEAK = YES;
				CLANG_WARN_BLOCK_CAPTURE_AUTORELEASING = YES;
				CLANG_WARN_BOOL_CONVERSION = YES;
				CLANG_WARN_COMMA = YES;
				CLANG_WARN_CONSTANT_CONVERSION = YES;
				CLANG_WARN_DEPRECATED_OBJC_IMPLEMENTATIONS = YES;
				CLANG_WARN_DIRECT_OBJC_ISA_USAGE = YES_ERROR;
				CLANG_WARN_DOCUMENTATION_COMMENTS = YES;
				CLANG_WARN_EMPTY_BODY = YES;
				CLANG_WARN_ENUM_CONVERSION = YES;
				CLANG_WARN_INFINITE_RECURSION = YES;
				CLANG_WARN_INT_CONVERSION = YES;
				CLANG_WARN_NON_LITERAL_NULL_CONVERSION = YES;
				CLANG_WARN_OBJC_IMPLICIT_RETAIN_SELF = YES;
				CLANG_WARN_OBJC_LITERAL_CONVERSION = YES;
				CLANG_WARN_OBJC_ROOT_CLASS = YES_ERROR;
				CLANG_WARN_QUOTED_INCLUDE_IN_FRAMEWORK_HEADER = YES;
				CLANG_WARN_RANGE_LOOP_ANALYSIS = YES;
				CLANG_WARN_STRICT_PROTOTYPES = YES;
				CLANG_WARN_SUSPICIOUS_MOVE = YES;
				CLANG_WARN_UNGUARDED_AVAILABILITY = YES_AGGRESSIVE;
				CLANG_WARN_UNREACHABLE_CODE = YES;
				CLANG_WARN__DUPLICATE_METHOD_MATCH = YES;
				COPY_PHASE_STRIP = NO;
				DEBUG_INFORMATION_FORMAT = "dwarf-with-dsym";
				ENABLE_NS_ASSERTIONS = NO;
				ENABLE_STRICT_OBJC_MSGSEND = YES;
				GCC_C_LANGUAGE_STANDARD = gnu11;
				GCC_NO_COMMON_BLOCKS = YES;
				GCC_WARN_64_TO_32_BIT_CONVERSION = YES;
				GCC_WARN_ABOUT_RETURN_TYPE = YES_ERROR;
				GCC_WARN_UNDECLARED_SELECTOR = YES;
				GCC_WARN_UNINITIALIZED_AUTOS = YES_AGGRESSIVE;
				GCC_WARN_UNUSED_FUNCTION = YES;
				GCC_WARN_UNUSED_VARIABLE = YES;
				IPHONEOS_DEPLOYMENT_TARGET = 15.5;
				MTL_ENABLE_DEBUG_INFO = NO;
				MTL_FAST_MATH = YES;
				SDKROOT = iphoneos;
				SWIFT_COMPILATION_MODE = wholemodule;
				SWIFT_OPTIMIZATION_LEVEL = "-O";
				VALIDATE_PRODUCT = YES;
			};
			name = Release;
		};
		C2EAD816288065CE008FEFB2 /* Debug */ = {
			isa = XCBuildConfiguration;
			buildSettings = {
				ASSETCATALOG_COMPILER_APPICON_NAME = AppIcon;
				ASSETCATALOG_COMPILER_GLOBAL_ACCENT_COLOR_NAME = AccentColor;
				CODE_SIGN_STYLE = Automatic;
				CURRENT_PROJECT_VERSION = 1;
				GENERATE_INFOPLIST_FILE = YES;
				INFOPLIST_FILE = Timer_Stopwatch/Resource/Info.plist;
				INFOPLIST_KEY_UIApplicationSupportsIndirectInputEvents = YES;
				INFOPLIST_KEY_UILaunchStoryboardName = LaunchScreen;
				INFOPLIST_KEY_UIMainStoryboardFile = Main;
				INFOPLIST_KEY_UISupportedInterfaceOrientations_iPad = "UIInterfaceOrientationPortrait UIInterfaceOrientationPortraitUpsideDown UIInterfaceOrientationLandscapeLeft UIInterfaceOrientationLandscapeRight";
				INFOPLIST_KEY_UISupportedInterfaceOrientations_iPhone = "UIInterfaceOrientationPortrait UIInterfaceOrientationLandscapeLeft UIInterfaceOrientationLandscapeRight";
				LD_RUNPATH_SEARCH_PATHS = (
					"$(inherited)",
					"@executable_path/Frameworks",
				);
				MARKETING_VERSION = 1.0;
				PRODUCT_BUNDLE_IDENTIFIER = "A.Timer-Stopwatch";
				PRODUCT_NAME = "$(TARGET_NAME)";
				SWIFT_EMIT_LOC_STRINGS = YES;
				SWIFT_VERSION = 5.0;
				TARGETED_DEVICE_FAMILY = "1,2";
			};
			name = Debug;
		};
		C2EAD817288065CE008FEFB2 /* Release */ = {
			isa = XCBuildConfiguration;
			buildSettings = {
				ASSETCATALOG_COMPILER_APPICON_NAME = AppIcon;
				ASSETCATALOG_COMPILER_GLOBAL_ACCENT_COLOR_NAME = AccentColor;
				CODE_SIGN_STYLE = Automatic;
				CURRENT_PROJECT_VERSION = 1;
				GENERATE_INFOPLIST_FILE = YES;
				INFOPLIST_FILE = Timer_Stopwatch/Resource/Info.plist;
				INFOPLIST_KEY_UIApplicationSupportsIndirectInputEvents = YES;
				INFOPLIST_KEY_UILaunchStoryboardName = LaunchScreen;
				INFOPLIST_KEY_UIMainStoryboardFile = Main;
				INFOPLIST_KEY_UISupportedInterfaceOrientations_iPad = "UIInterfaceOrientationPortrait UIInterfaceOrientationPortraitUpsideDown UIInterfaceOrientationLandscapeLeft UIInterfaceOrientationLandscapeRight";
				INFOPLIST_KEY_UISupportedInterfaceOrientations_iPhone = "UIInterfaceOrientationPortrait UIInterfaceOrientationLandscapeLeft UIInterfaceOrientationLandscapeRight";
				LD_RUNPATH_SEARCH_PATHS = (
					"$(inherited)",
					"@executable_path/Frameworks",
				);
				MARKETING_VERSION = 1.0;
				PRODUCT_BUNDLE_IDENTIFIER = "A.Timer-Stopwatch";
				PRODUCT_NAME = "$(TARGET_NAME)";
				SWIFT_EMIT_LOC_STRINGS = YES;
				SWIFT_VERSION = 5.0;
				TARGETED_DEVICE_FAMILY = "1,2";
			};
			name = Release;
		};
/* End XCBuildConfiguration section */

/* Begin XCConfigurationList section */
		C2EAD7FC288065CA008FEFB2 /* Build configuration list for PBXProject "Timer_Stopwatch" */ = {
			isa = XCConfigurationList;
			buildConfigurations = (
				C2EAD813288065CE008FEFB2 /* Debug */,
				C2EAD814288065CE008FEFB2 /* Release */,
			);
			defaultConfigurationIsVisible = 0;
			defaultConfigurationName = Release;
		};
		C2EAD815288065CE008FEFB2 /* Build configuration list for PBXNativeTarget "Timer_Stopwatch" */ = {
			isa = XCConfigurationList;
			buildConfigurations = (
				C2EAD816288065CE008FEFB2 /* Debug */,
				C2EAD817288065CE008FEFB2 /* Release */,
			);
			defaultConfigurationIsVisible = 0;
			defaultConfigurationName = Release;
		};
/* End XCConfigurationList section */
	};
	rootObject = C2EAD7F9288065CA008FEFB2 /* Project object */;
}
